// !$*UTF8*$!
{
	archiveVersion = 1;
	classes = {
	};
	objectVersion = 56;
	objects = {

/* Begin PBXBuildFile section */
		188255F92C91F4FF009B0E67 /* Color+Extensions.swift in Sources */ = {isa = PBXBuildFile; fileRef = 188255F82C91F4FF009B0E67 /* Color+Extensions.swift */; };
		188255FD2C9448FE009B0E67 /* View+Extensions.swift in Sources */ = {isa = PBXBuildFile; fileRef = 188255FC2C9448FE009B0E67 /* View+Extensions.swift */; };
		188255FF2C944CD8009B0E67 /* SettingsViewModel.swift in Sources */ = {isa = PBXBuildFile; fileRef = 188255FE2C944CD8009B0E67 /* SettingsViewModel.swift */; };
		18A0C9A42C9179DA00D33413 /* ImageCropperApp.swift in Sources */ = {isa = PBXBuildFile; fileRef = 18A0C9A32C9179DA00D33413 /* ImageCropperApp.swift */; };
		18A0C9A62C9179DA00D33413 /* MainView.swift in Sources */ = {isa = PBXBuildFile; fileRef = 18A0C9A52C9179DA00D33413 /* MainView.swift */; };
		18A0C9A82C9179DB00D33413 /* Assets.xcassets in Resources */ = {isa = PBXBuildFile; fileRef = 18A0C9A72C9179DB00D33413 /* Assets.xcassets */; };
		18A0C9AB2C9179DB00D33413 /* Preview Assets.xcassets in Resources */ = {isa = PBXBuildFile; fileRef = 18A0C9AA2C9179DB00D33413 /* Preview Assets.xcassets */; };
		18A0C9B52C9179DC00D33413 /* ImageCropperTests.swift in Sources */ = {isa = PBXBuildFile; fileRef = 18A0C9B42C9179DC00D33413 /* ImageCropperTests.swift */; };
		18A0C9BF2C9179DC00D33413 /* ImageCropperUITests.swift in Sources */ = {isa = PBXBuildFile; fileRef = 18A0C9BE2C9179DC00D33413 /* ImageCropperUITests.swift */; };
		18A0C9C12C9179DC00D33413 /* ImageCropperUITestsLaunchTests.swift in Sources */ = {isa = PBXBuildFile; fileRef = 18A0C9C02C9179DC00D33413 /* ImageCropperUITestsLaunchTests.swift */; };
		18A0C9CF2C91805400D33413 /* CropView.swift in Sources */ = {isa = PBXBuildFile; fileRef = 18A0C9CE2C91805400D33413 /* CropView.swift */; };
		18A0C9D12C91806200D33413 /* CropViewModel.swift in Sources */ = {isa = PBXBuildFile; fileRef = 18A0C9D02C91806200D33413 /* CropViewModel.swift */; };
		18A0C9D42C9180A500D33413 /* SettingsView.swift in Sources */ = {isa = PBXBuildFile; fileRef = 18A0C9D32C9180A500D33413 /* SettingsView.swift */; };
		18A0C9D72C91815E00D33413 /* TabItem.swift in Sources */ = {isa = PBXBuildFile; fileRef = 18A0C9D62C91815E00D33413 /* TabItem.swift */; };
		18A0C9DC2C9181DD00D33413 /* Tab.swift in Sources */ = {isa = PBXBuildFile; fileRef = 18A0C9DB2C9181DD00D33413 /* Tab.swift */; };
/* End PBXBuildFile section */

/* Begin PBXContainerItemProxy section */
		18A0C9B12C9179DC00D33413 /* PBXContainerItemProxy */ = {
			isa = PBXContainerItemProxy;
			containerPortal = 18A0C9982C9179DA00D33413 /* Project object */;
			proxyType = 1;
			remoteGlobalIDString = 18A0C99F2C9179DA00D33413;
			remoteInfo = ImageCropper;
		};
		18A0C9BB2C9179DC00D33413 /* PBXContainerItemProxy */ = {
			isa = PBXContainerItemProxy;
			containerPortal = 18A0C9982C9179DA00D33413 /* Project object */;
			proxyType = 1;
			remoteGlobalIDString = 18A0C99F2C9179DA00D33413;
			remoteInfo = ImageCropper;
		};
/* End PBXContainerItemProxy section */

/* Begin PBXFileReference section */
		188255F82C91F4FF009B0E67 /* Color+Extensions.swift */ = {isa = PBXFileReference; lastKnownFileType = sourcecode.swift; path = "Color+Extensions.swift"; sourceTree = "<group>"; };
		188255FC2C9448FE009B0E67 /* View+Extensions.swift */ = {isa = PBXFileReference; lastKnownFileType = sourcecode.swift; path = "View+Extensions.swift"; sourceTree = "<group>"; };
		188255FE2C944CD8009B0E67 /* SettingsViewModel.swift */ = {isa = PBXFileReference; lastKnownFileType = sourcecode.swift; path = SettingsViewModel.swift; sourceTree = "<group>"; };
		18A0C9A02C9179DA00D33413 /* ImageCropper.app */ = {isa = PBXFileReference; explicitFileType = wrapper.application; includeInIndex = 0; path = ImageCropper.app; sourceTree = BUILT_PRODUCTS_DIR; };
		18A0C9A32C9179DA00D33413 /* ImageCropperApp.swift */ = {isa = PBXFileReference; lastKnownFileType = sourcecode.swift; path = ImageCropperApp.swift; sourceTree = "<group>"; };
		18A0C9A52C9179DA00D33413 /* MainView.swift */ = {isa = PBXFileReference; lastKnownFileType = sourcecode.swift; path = MainView.swift; sourceTree = "<group>"; };
		18A0C9A72C9179DB00D33413 /* Assets.xcassets */ = {isa = PBXFileReference; lastKnownFileType = folder.assetcatalog; path = Assets.xcassets; sourceTree = "<group>"; };
		18A0C9AA2C9179DB00D33413 /* Preview Assets.xcassets */ = {isa = PBXFileReference; lastKnownFileType = folder.assetcatalog; path = "Preview Assets.xcassets"; sourceTree = "<group>"; };
		18A0C9B02C9179DC00D33413 /* ImageCropperTests.xctest */ = {isa = PBXFileReference; explicitFileType = wrapper.cfbundle; includeInIndex = 0; path = ImageCropperTests.xctest; sourceTree = BUILT_PRODUCTS_DIR; };
		18A0C9B42C9179DC00D33413 /* ImageCropperTests.swift */ = {isa = PBXFileReference; lastKnownFileType = sourcecode.swift; path = ImageCropperTests.swift; sourceTree = "<group>"; };
		18A0C9BA2C9179DC00D33413 /* ImageCropperUITests.xctest */ = {isa = PBXFileReference; explicitFileType = wrapper.cfbundle; includeInIndex = 0; path = ImageCropperUITests.xctest; sourceTree = BUILT_PRODUCTS_DIR; };
		18A0C9BE2C9179DC00D33413 /* ImageCropperUITests.swift */ = {isa = PBXFileReference; lastKnownFileType = sourcecode.swift; path = ImageCropperUITests.swift; sourceTree = "<group>"; };
		18A0C9C02C9179DC00D33413 /* ImageCropperUITestsLaunchTests.swift */ = {isa = PBXFileReference; lastKnownFileType = sourcecode.swift; path = ImageCropperUITestsLaunchTests.swift; sourceTree = "<group>"; };
		18A0C9CE2C91805400D33413 /* CropView.swift */ = {isa = PBXFileReference; lastKnownFileType = sourcecode.swift; path = CropView.swift; sourceTree = "<group>"; };
		18A0C9D02C91806200D33413 /* CropViewModel.swift */ = {isa = PBXFileReference; lastKnownFileType = sourcecode.swift; path = CropViewModel.swift; sourceTree = "<group>"; };
		18A0C9D32C9180A500D33413 /* SettingsView.swift */ = {isa = PBXFileReference; lastKnownFileType = sourcecode.swift; path = SettingsView.swift; sourceTree = "<group>"; };
		18A0C9D62C91815E00D33413 /* TabItem.swift */ = {isa = PBXFileReference; lastKnownFileType = sourcecode.swift; path = TabItem.swift; sourceTree = "<group>"; };
		18A0C9DB2C9181DD00D33413 /* Tab.swift */ = {isa = PBXFileReference; lastKnownFileType = sourcecode.swift; path = Tab.swift; sourceTree = "<group>"; };
/* End PBXFileReference section */

/* Begin PBXFrameworksBuildPhase section */
		18A0C99D2C9179DA00D33413 /* Frameworks */ = {
			isa = PBXFrameworksBuildPhase;
			buildActionMask = 2147483647;
			files = (
			);
			runOnlyForDeploymentPostprocessing = 0;
		};
		18A0C9AD2C9179DC00D33413 /* Frameworks */ = {
			isa = PBXFrameworksBuildPhase;
			buildActionMask = 2147483647;
			files = (
			);
			runOnlyForDeploymentPostprocessing = 0;
		};
		18A0C9B72C9179DC00D33413 /* Frameworks */ = {
			isa = PBXFrameworksBuildPhase;
			buildActionMask = 2147483647;
			files = (
			);
			runOnlyForDeploymentPostprocessing = 0;
		};
/* End PBXFrameworksBuildPhase section */

/* Begin PBXGroup section */
		188255F72C91F4EE009B0E67 /* Extensions */ = {
			isa = PBXGroup;
			children = (
				188255F82C91F4FF009B0E67 /* Color+Extensions.swift */,
				188255FC2C9448FE009B0E67 /* View+Extensions.swift */,
			);
			path = Extensions;
			sourceTree = "<group>";
		};
		18A0C9972C9179DA00D33413 = {
			isa = PBXGroup;
			children = (
				18A0C9A22C9179DA00D33413 /* ImageCropper */,
				18A0C9B32C9179DC00D33413 /* ImageCropperTests */,
				18A0C9BD2C9179DC00D33413 /* ImageCropperUITests */,
				18A0C9A12C9179DA00D33413 /* Products */,
			);
			sourceTree = "<group>";
		};
		18A0C9A12C9179DA00D33413 /* Products */ = {
			isa = PBXGroup;
			children = (
				18A0C9A02C9179DA00D33413 /* ImageCropper.app */,
				18A0C9B02C9179DC00D33413 /* ImageCropperTests.xctest */,
				18A0C9BA2C9179DC00D33413 /* ImageCropperUITests.xctest */,
			);
			name = Products;
			sourceTree = "<group>";
		};
		18A0C9A22C9179DA00D33413 /* ImageCropper */ = {
			isa = PBXGroup;
			children = (
				18A0C9D92C9181CB00D33413 /* Utils */,
				18A0C9D52C91814400D33413 /* CustomComponents */,
				18A0C9D22C91809500D33413 /* SettingsView */,
				18A0C9CD2C91804200D33413 /* CropView */,
				18A0C9A52C9179DA00D33413 /* MainView.swift */,
				18A0C9A32C9179DA00D33413 /* ImageCropperApp.swift */,
				18A0C9A72C9179DB00D33413 /* Assets.xcassets */,
				18A0C9A92C9179DB00D33413 /* Preview Content */,
			);
			path = ImageCropper;
			sourceTree = "<group>";
		};
		18A0C9A92C9179DB00D33413 /* Preview Content */ = {
			isa = PBXGroup;
			children = (
				18A0C9AA2C9179DB00D33413 /* Preview Assets.xcassets */,
			);
			path = "Preview Content";
			sourceTree = "<group>";
		};
		18A0C9B32C9179DC00D33413 /* ImageCropperTests */ = {
			isa = PBXGroup;
			children = (
				18A0C9B42C9179DC00D33413 /* ImageCropperTests.swift */,
			);
			path = ImageCropperTests;
			sourceTree = "<group>";
		};
		18A0C9BD2C9179DC00D33413 /* ImageCropperUITests */ = {
			isa = PBXGroup;
			children = (
				18A0C9BE2C9179DC00D33413 /* ImageCropperUITests.swift */,
				18A0C9C02C9179DC00D33413 /* ImageCropperUITestsLaunchTests.swift */,
			);
			path = ImageCropperUITests;
			sourceTree = "<group>";
		};
		18A0C9CD2C91804200D33413 /* CropView */ = {
			isa = PBXGroup;
			children = (
				18A0C9CE2C91805400D33413 /* CropView.swift */,
				18A0C9D02C91806200D33413 /* CropViewModel.swift */,
			);
			path = CropView;
			sourceTree = "<group>";
		};
		18A0C9D22C91809500D33413 /* SettingsView */ = {
			isa = PBXGroup;
			children = (
				18A0C9D32C9180A500D33413 /* SettingsView.swift */,
				188255FE2C944CD8009B0E67 /* SettingsViewModel.swift */,
			);
			path = SettingsView;
			sourceTree = "<group>";
		};
		18A0C9D52C91814400D33413 /* CustomComponents */ = {
			isa = PBXGroup;
			children = (
				18A0C9D62C91815E00D33413 /* TabItem.swift */,
			);
			path = CustomComponents;
			sourceTree = "<group>";
		};
		18A0C9D92C9181CB00D33413 /* Utils */ = {
			isa = PBXGroup;
			children = (
				188255F72C91F4EE009B0E67 /* Extensions */,
				18A0C9DA2C9181D100D33413 /* Enums */,
			);
			path = Utils;
			sourceTree = "<group>";
		};
		18A0C9DA2C9181D100D33413 /* Enums */ = {
			isa = PBXGroup;
			children = (
				18A0C9DB2C9181DD00D33413 /* Tab.swift */,
			);
			path = Enums;
			sourceTree = "<group>";
		};
/* End PBXGroup section */

/* Begin PBXNativeTarget section */
		18A0C99F2C9179DA00D33413 /* ImageCropper */ = {
			isa = PBXNativeTarget;
			buildConfigurationList = 18A0C9C42C9179DC00D33413 /* Build configuration list for PBXNativeTarget "ImageCropper" */;
			buildPhases = (
				18A0C99C2C9179DA00D33413 /* Sources */,
				18A0C99D2C9179DA00D33413 /* Frameworks */,
				18A0C99E2C9179DA00D33413 /* Resources */,
			);
			buildRules = (
			);
			dependencies = (
			);
			name = ImageCropper;
			productName = ImageCropper;
			productReference = 18A0C9A02C9179DA00D33413 /* ImageCropper.app */;
			productType = "com.apple.product-type.application";
		};
		18A0C9AF2C9179DC00D33413 /* ImageCropperTests */ = {
			isa = PBXNativeTarget;
			buildConfigurationList = 18A0C9C72C9179DC00D33413 /* Build configuration list for PBXNativeTarget "ImageCropperTests" */;
			buildPhases = (
				18A0C9AC2C9179DC00D33413 /* Sources */,
				18A0C9AD2C9179DC00D33413 /* Frameworks */,
				18A0C9AE2C9179DC00D33413 /* Resources */,
			);
			buildRules = (
			);
			dependencies = (
				18A0C9B22C9179DC00D33413 /* PBXTargetDependency */,
			);
			name = ImageCropperTests;
			productName = ImageCropperTests;
			productReference = 18A0C9B02C9179DC00D33413 /* ImageCropperTests.xctest */;
			productType = "com.apple.product-type.bundle.unit-test";
		};
		18A0C9B92C9179DC00D33413 /* ImageCropperUITests */ = {
			isa = PBXNativeTarget;
			buildConfigurationList = 18A0C9CA2C9179DC00D33413 /* Build configuration list for PBXNativeTarget "ImageCropperUITests" */;
			buildPhases = (
				18A0C9B62C9179DC00D33413 /* Sources */,
				18A0C9B72C9179DC00D33413 /* Frameworks */,
				18A0C9B82C9179DC00D33413 /* Resources */,
			);
			buildRules = (
			);
			dependencies = (
				18A0C9BC2C9179DC00D33413 /* PBXTargetDependency */,
			);
			name = ImageCropperUITests;
			productName = ImageCropperUITests;
			productReference = 18A0C9BA2C9179DC00D33413 /* ImageCropperUITests.xctest */;
			productType = "com.apple.product-type.bundle.ui-testing";
		};
/* End PBXNativeTarget section */

/* Begin PBXProject section */
		18A0C9982C9179DA00D33413 /* Project object */ = {
			isa = PBXProject;
			attributes = {
				BuildIndependentTargetsInParallel = 1;
				LastSwiftUpdateCheck = 1540;
				LastUpgradeCheck = 1540;
				TargetAttributes = {
					18A0C99F2C9179DA00D33413 = {
						CreatedOnToolsVersion = 15.4;
					};
					18A0C9AF2C9179DC00D33413 = {
						CreatedOnToolsVersion = 15.4;
						TestTargetID = 18A0C99F2C9179DA00D33413;
					};
					18A0C9B92C9179DC00D33413 = {
						CreatedOnToolsVersion = 15.4;
						TestTargetID = 18A0C99F2C9179DA00D33413;
					};
				};
			};
			buildConfigurationList = 18A0C99B2C9179DA00D33413 /* Build configuration list for PBXProject "ImageCropper" */;
			compatibilityVersion = "Xcode 14.0";
			developmentRegion = en;
			hasScannedForEncodings = 0;
			knownRegions = (
				en,
				Base,
			);
			mainGroup = 18A0C9972C9179DA00D33413;
			productRefGroup = 18A0C9A12C9179DA00D33413 /* Products */;
			projectDirPath = "";
			projectRoot = "";
			targets = (
				18A0C99F2C9179DA00D33413 /* ImageCropper */,
				18A0C9AF2C9179DC00D33413 /* ImageCropperTests */,
				18A0C9B92C9179DC00D33413 /* ImageCropperUITests */,
			);
		};
/* End PBXProject section */

/* Begin PBXResourcesBuildPhase section */
		18A0C99E2C9179DA00D33413 /* Resources */ = {
			isa = PBXResourcesBuildPhase;
			buildActionMask = 2147483647;
			files = (
				18A0C9AB2C9179DB00D33413 /* Preview Assets.xcassets in Resources */,
				18A0C9A82C9179DB00D33413 /* Assets.xcassets in Resources */,
			);
			runOnlyForDeploymentPostprocessing = 0;
		};
		18A0C9AE2C9179DC00D33413 /* Resources */ = {
			isa = PBXResourcesBuildPhase;
			buildActionMask = 2147483647;
			files = (
			);
			runOnlyForDeploymentPostprocessing = 0;
		};
		18A0C9B82C9179DC00D33413 /* Resources */ = {
			isa = PBXResourcesBuildPhase;
			buildActionMask = 2147483647;
			files = (
			);
			runOnlyForDeploymentPostprocessing = 0;
		};
/* End PBXResourcesBuildPhase section */

/* Begin PBXSourcesBuildPhase section */
		18A0C99C2C9179DA00D33413 /* Sources */ = {
			isa = PBXSourcesBuildPhase;
			buildActionMask = 2147483647;
			files = (
				18A0C9D42C9180A500D33413 /* SettingsView.swift in Sources */,
				188255FD2C9448FE009B0E67 /* View+Extensions.swift in Sources */,
				18A0C9A62C9179DA00D33413 /* MainView.swift in Sources */,
				18A0C9D72C91815E00D33413 /* TabItem.swift in Sources */,
				18A0C9A42C9179DA00D33413 /* ImageCropperApp.swift in Sources */,
				188255FF2C944CD8009B0E67 /* SettingsViewModel.swift in Sources */,
				188255F92C91F4FF009B0E67 /* Color+Extensions.swift in Sources */,
				18A0C9D12C91806200D33413 /* CropViewModel.swift in Sources */,
				18A0C9CF2C91805400D33413 /* CropView.swift in Sources */,
				18A0C9DC2C9181DD00D33413 /* Tab.swift in Sources */,
			);
			runOnlyForDeploymentPostprocessing = 0;
		};
		18A0C9AC2C9179DC00D33413 /* Sources */ = {
			isa = PBXSourcesBuildPhase;
			buildActionMask = 2147483647;
			files = (
				18A0C9B52C9179DC00D33413 /* ImageCropperTests.swift in Sources */,
			);
			runOnlyForDeploymentPostprocessing = 0;
		};
		18A0C9B62C9179DC00D33413 /* Sources */ = {
			isa = PBXSourcesBuildPhase;
			buildActionMask = 2147483647;
			files = (
				18A0C9C12C9179DC00D33413 /* ImageCropperUITestsLaunchTests.swift in Sources */,
				18A0C9BF2C9179DC00D33413 /* ImageCropperUITests.swift in Sources */,
			);
			runOnlyForDeploymentPostprocessing = 0;
		};
/* End PBXSourcesBuildPhase section */

/* Begin PBXTargetDependency section */
		18A0C9B22C9179DC00D33413 /* PBXTargetDependency */ = {
			isa = PBXTargetDependency;
			target = 18A0C99F2C9179DA00D33413 /* ImageCropper */;
			targetProxy = 18A0C9B12C9179DC00D33413 /* PBXContainerItemProxy */;
		};
		18A0C9BC2C9179DC00D33413 /* PBXTargetDependency */ = {
			isa = PBXTargetDependency;
			target = 18A0C99F2C9179DA00D33413 /* ImageCropper */;
			targetProxy = 18A0C9BB2C9179DC00D33413 /* PBXContainerItemProxy */;
		};
/* End PBXTargetDependency section */

/* Begin XCBuildConfiguration section */
		18A0C9C22C9179DC00D33413 /* Debug */ = {
			isa = XCBuildConfiguration;
			buildSettings = {
				ALWAYS_SEARCH_USER_PATHS = NO;
				ASSETCATALOG_COMPILER_GENERATE_SWIFT_ASSET_SYMBOL_EXTENSIONS = YES;
				CLANG_ANALYZER_NONNULL = YES;
				CLANG_ANALYZER_NUMBER_OBJECT_CONVERSION = YES_AGGRESSIVE;
				CLANG_CXX_LANGUAGE_STANDARD = "gnu++20";
				CLANG_ENABLE_MODULES = YES;
				CLANG_ENABLE_OBJC_ARC = YES;
				CLANG_ENABLE_OBJC_WEAK = YES;
				CLANG_WARN_BLOCK_CAPTURE_AUTORELEASING = YES;
				CLANG_WARN_BOOL_CONVERSION = YES;
				CLANG_WARN_COMMA = YES;
				CLANG_WARN_CONSTANT_CONVERSION = YES;
				CLANG_WARN_DEPRECATED_OBJC_IMPLEMENTATIONS = YES;
				CLANG_WARN_DIRECT_OBJC_ISA_USAGE = YES_ERROR;
				CLANG_WARN_DOCUMENTATION_COMMENTS = YES;
				CLANG_WARN_EMPTY_BODY = YES;
				CLANG_WARN_ENUM_CONVERSION = YES;
				CLANG_WARN_INFINITE_RECURSION = YES;
				CLANG_WARN_INT_CONVERSION = YES;
				CLANG_WARN_NON_LITERAL_NULL_CONVERSION = YES;
				CLANG_WARN_OBJC_IMPLICIT_RETAIN_SELF = YES;
				CLANG_WARN_OBJC_LITERAL_CONVERSION = YES;
				CLANG_WARN_OBJC_ROOT_CLASS = YES_ERROR;
				CLANG_WARN_QUOTED_INCLUDE_IN_FRAMEWORK_HEADER = YES;
				CLANG_WARN_RANGE_LOOP_ANALYSIS = YES;
				CLANG_WARN_STRICT_PROTOTYPES = YES;
				CLANG_WARN_SUSPICIOUS_MOVE = YES;
				CLANG_WARN_UNGUARDED_AVAILABILITY = YES_AGGRESSIVE;
				CLANG_WARN_UNREACHABLE_CODE = YES;
				CLANG_WARN__DUPLICATE_METHOD_MATCH = YES;
				COPY_PHASE_STRIP = NO;
				DEBUG_INFORMATION_FORMAT = dwarf;
				ENABLE_STRICT_OBJC_MSGSEND = YES;
				ENABLE_TESTABILITY = YES;
				ENABLE_USER_SCRIPT_SANDBOXING = YES;
				GCC_C_LANGUAGE_STANDARD = gnu17;
				GCC_DYNAMIC_NO_PIC = NO;
				GCC_NO_COMMON_BLOCKS = YES;
				GCC_OPTIMIZATION_LEVEL = 0;
				GCC_PREPROCESSOR_DEFINITIONS = (
					"DEBUG=1",
					"$(inherited)",
				);
				GCC_WARN_64_TO_32_BIT_CONVERSION = YES;
				GCC_WARN_ABOUT_RETURN_TYPE = YES_ERROR;
				GCC_WARN_UNDECLARED_SELECTOR = YES;
				GCC_WARN_UNINITIALIZED_AUTOS = YES_AGGRESSIVE;
				GCC_WARN_UNUSED_FUNCTION = YES;
				GCC_WARN_UNUSED_VARIABLE = YES;
				IPHONEOS_DEPLOYMENT_TARGET = 17.5;
				LOCALIZATION_PREFERS_STRING_CATALOGS = YES;
				MTL_ENABLE_DEBUG_INFO = INCLUDE_SOURCE;
				MTL_FAST_MATH = YES;
				ONLY_ACTIVE_ARCH = YES;
				SDKROOT = iphoneos;
				SWIFT_ACTIVE_COMPILATION_CONDITIONS = "DEBUG $(inherited)";
				SWIFT_OPTIMIZATION_LEVEL = "-Onone";
			};
			name = Debug;
		};
		18A0C9C32C9179DC00D33413 /* Release */ = {
			isa = XCBuildConfiguration;
			buildSettings = {
				ALWAYS_SEARCH_USER_PATHS = NO;
				ASSETCATALOG_COMPILER_GENERATE_SWIFT_ASSET_SYMBOL_EXTENSIONS = YES;
				CLANG_ANALYZER_NONNULL = YES;
				CLANG_ANALYZER_NUMBER_OBJECT_CONVERSION = YES_AGGRESSIVE;
				CLANG_CXX_LANGUAGE_STANDARD = "gnu++20";
				CLANG_ENABLE_MODULES = YES;
				CLANG_ENABLE_OBJC_ARC = YES;
				CLANG_ENABLE_OBJC_WEAK = YES;
				CLANG_WARN_BLOCK_CAPTURE_AUTORELEASING = YES;
				CLANG_WARN_BOOL_CONVERSION = YES;
				CLANG_WARN_COMMA = YES;
				CLANG_WARN_CONSTANT_CONVERSION = YES;
				CLANG_WARN_DEPRECATED_OBJC_IMPLEMENTATIONS = YES;
				CLANG_WARN_DIRECT_OBJC_ISA_USAGE = YES_ERROR;
				CLANG_WARN_DOCUMENTATION_COMMENTS = YES;
				CLANG_WARN_EMPTY_BODY = YES;
				CLANG_WARN_ENUM_CONVERSION = YES;
				CLANG_WARN_INFINITE_RECURSION = YES;
				CLANG_WARN_INT_CONVERSION = YES;
				CLANG_WARN_NON_LITERAL_NULL_CONVERSION = YES;
				CLANG_WARN_OBJC_IMPLICIT_RETAIN_SELF = YES;
				CLANG_WARN_OBJC_LITERAL_CONVERSION = YES;
				CLANG_WARN_OBJC_ROOT_CLASS = YES_ERROR;
				CLANG_WARN_QUOTED_INCLUDE_IN_FRAMEWORK_HEADER = YES;
				CLANG_WARN_RANGE_LOOP_ANALYSIS = YES;
				CLANG_WARN_STRICT_PROTOTYPES = YES;
				CLANG_WARN_SUSPICIOUS_MOVE = YES;
				CLANG_WARN_UNGUARDED_AVAILABILITY = YES_AGGRESSIVE;
				CLANG_WARN_UNREACHABLE_CODE = YES;
				CLANG_WARN__DUPLICATE_METHOD_MATCH = YES;
				COPY_PHASE_STRIP = NO;
				DEBUG_INFORMATION_FORMAT = "dwarf-with-dsym";
				ENABLE_NS_ASSERTIONS = NO;
				ENABLE_STRICT_OBJC_MSGSEND = YES;
				ENABLE_USER_SCRIPT_SANDBOXING = YES;
				GCC_C_LANGUAGE_STANDARD = gnu17;
				GCC_NO_COMMON_BLOCKS = YES;
				GCC_WARN_64_TO_32_BIT_CONVERSION = YES;
				GCC_WARN_ABOUT_RETURN_TYPE = YES_ERROR;
				GCC_WARN_UNDECLARED_SELECTOR = YES;
				GCC_WARN_UNINITIALIZED_AUTOS = YES_AGGRESSIVE;
				GCC_WARN_UNUSED_FUNCTION = YES;
				GCC_WARN_UNUSED_VARIABLE = YES;
				IPHONEOS_DEPLOYMENT_TARGET = 17.5;
				LOCALIZATION_PREFERS_STRING_CATALOGS = YES;
				MTL_ENABLE_DEBUG_INFO = NO;
				MTL_FAST_MATH = YES;
				SDKROOT = iphoneos;
				SWIFT_COMPILATION_MODE = wholemodule;
				VALIDATE_PRODUCT = YES;
			};
			name = Release;
		};
		18A0C9C52C9179DC00D33413 /* Debug */ = {
			isa = XCBuildConfiguration;
			buildSettings = {
				ASSETCATALOG_COMPILER_APPICON_NAME = AppIcon;
				ASSETCATALOG_COMPILER_GLOBAL_ACCENT_COLOR_NAME = AccentColor;
				CODE_SIGN_STYLE = Automatic;
				CURRENT_PROJECT_VERSION = 1;
				DEVELOPMENT_ASSET_PATHS = "\"ImageCropper/Preview Content\"";
				DEVELOPMENT_TEAM = DB6K9AT64H;
				ENABLE_PREVIEWS = YES;
				GENERATE_INFOPLIST_FILE = YES;
				INFOPLIST_KEY_NSPhotoLibraryAddUsageDescription = "";
				INFOPLIST_KEY_UIApplicationSceneManifest_Generation = YES;
				INFOPLIST_KEY_UIApplicationSupportsIndirectInputEvents = YES;
				INFOPLIST_KEY_UILaunchScreen_Generation = YES;
				INFOPLIST_KEY_UISupportedInterfaceOrientations_iPad = "UIInterfaceOrientationPortrait UIInterfaceOrientationPortraitUpsideDown UIInterfaceOrientationLandscapeLeft UIInterfaceOrientationLandscapeRight";
				INFOPLIST_KEY_UISupportedInterfaceOrientations_iPhone = "UIInterfaceOrientationPortrait UIInterfaceOrientationLandscapeLeft UIInterfaceOrientationLandscapeRight";
				LD_RUNPATH_SEARCH_PATHS = (
					"$(inherited)",
					"@executable_path/Frameworks",
				);
				MARKETING_VERSION = 1.0;
				PRODUCT_BUNDLE_IDENTIFIER = "Shirayo-s-own.ImageCropper";
				PRODUCT_NAME = "$(TARGET_NAME)";
				SWIFT_EMIT_LOC_STRINGS = YES;
				SWIFT_VERSION = 5.0;
				TARGETED_DEVICE_FAMILY = "1,2";
			};
			name = Debug;
		};
		18A0C9C62C9179DC00D33413 /* Release */ = {
			isa = XCBuildConfiguration;
			buildSettings = {
				ASSETCATALOG_COMPILER_APPICON_NAME = AppIcon;
				ASSETCATALOG_COMPILER_GLOBAL_ACCENT_COLOR_NAME = AccentColor;
				CODE_SIGN_STYLE = Automatic;
				CURRENT_PROJECT_VERSION = 1;
				DEVELOPMENT_ASSET_PATHS = "\"ImageCropper/Preview Content\"";
				DEVELOPMENT_TEAM = DB6K9AT64H;
				ENABLE_PREVIEWS = YES;
				GENERATE_INFOPLIST_FILE = YES;
				INFOPLIST_KEY_NSPhotoLibraryAddUsageDescription = "";
				INFOPLIST_KEY_UIApplicationSceneManifest_Generation = YES;
				INFOPLIST_KEY_UIApplicationSupportsIndirectInputEvents = YES;
				INFOPLIST_KEY_UILaunchScreen_Generation = YES;
				INFOPLIST_KEY_UISupportedInterfaceOrientations_iPad = "UIInterfaceOrientationPortrait UIInterfaceOrientationPortraitUpsideDown UIInterfaceOrientationLandscapeLeft UIInterfaceOrientationLandscapeRight";
				INFOPLIST_KEY_UISupportedInterfaceOrientations_iPhone = "UIInterfaceOrientationPortrait UIInterfaceOrientationLandscapeLeft UIInterfaceOrientationLandscapeRight";
				LD_RUNPATH_SEARCH_PATHS = (
					"$(inherited)",
					"@executable_path/Frameworks",
				);
				MARKETING_VERSION = 1.0;
				PRODUCT_BUNDLE_IDENTIFIER = "Shirayo-s-own.ImageCropper";
				PRODUCT_NAME = "$(TARGET_NAME)";
				SWIFT_EMIT_LOC_STRINGS = YES;
				SWIFT_VERSION = 5.0;
				TARGETED_DEVICE_FAMILY = "1,2";
			};
			name = Release;
		};
		18A0C9C82C9179DC00D33413 /* Debug */ = {
			isa = XCBuildConfiguration;
			buildSettings = {
				ALWAYS_EMBED_SWIFT_STANDARD_LIBRARIES = YES;
				BUNDLE_LOADER = "$(TEST_HOST)";
				CODE_SIGN_STYLE = Automatic;
				CURRENT_PROJECT_VERSION = 1;
				DEVELOPMENT_TEAM = DB6K9AT64H;
				GENERATE_INFOPLIST_FILE = YES;
				IPHONEOS_DEPLOYMENT_TARGET = 17.5;
				MARKETING_VERSION = 1.0;
				PRODUCT_BUNDLE_IDENTIFIER = "Shirayo-s-own.ImageCropperTests";
				PRODUCT_NAME = "$(TARGET_NAME)";
				SWIFT_EMIT_LOC_STRINGS = NO;
				SWIFT_VERSION = 5.0;
				TARGETED_DEVICE_FAMILY = "1,2";
				TEST_HOST = "$(BUILT_PRODUCTS_DIR)/ImageCropper.app/$(BUNDLE_EXECUTABLE_FOLDER_PATH)/ImageCropper";
			};
			name = Debug;
		};
		18A0C9C92C9179DC00D33413 /* Release */ = {
			isa = XCBuildConfiguration;
			buildSettings = {
				ALWAYS_EMBED_SWIFT_STANDARD_LIBRARIES = YES;
				BUNDLE_LOADER = "$(TEST_HOST)";
				CODE_SIGN_STYLE = Automatic;
				CURRENT_PROJECT_VERSION = 1;
				DEVELOPMENT_TEAM = DB6K9AT64H;
				GENERATE_INFOPLIST_FILE = YES;
				IPHONEOS_DEPLOYMENT_TARGET = 17.5;
				MARKETING_VERSION = 1.0;
				PRODUCT_BUNDLE_IDENTIFIER = "Shirayo-s-own.ImageCropperTests";
				PRODUCT_NAME = "$(TARGET_NAME)";
				SWIFT_EMIT_LOC_STRINGS = NO;
				SWIFT_VERSION = 5.0;
				TARGETED_DEVICE_FAMILY = "1,2";
				TEST_HOST = "$(BUILT_PRODUCTS_DIR)/ImageCropper.app/$(BUNDLE_EXECUTABLE_FOLDER_PATH)/ImageCropper";
			};
			name = Release;
		};
		18A0C9CB2C9179DC00D33413 /* Debug */ = {
			isa = XCBuildConfiguration;
			buildSettings = {
				ALWAYS_EMBED_SWIFT_STANDARD_LIBRARIES = YES;
				CODE_SIGN_STYLE = Automatic;
				CURRENT_PROJECT_VERSION = 1;
				DEVELOPMENT_TEAM = DB6K9AT64H;
				GENERATE_INFOPLIST_FILE = YES;
				MARKETING_VERSION = 1.0;
				PRODUCT_BUNDLE_IDENTIFIER = "Shirayo-s-own.ImageCropperUITests";
				PRODUCT_NAME = "$(TARGET_NAME)";
				SWIFT_EMIT_LOC_STRINGS = NO;
				SWIFT_VERSION = 5.0;
				TARGETED_DEVICE_FAMILY = "1,2";
				TEST_TARGET_NAME = ImageCropper;
			};
			name = Debug;
		};
		18A0C9CC2C9179DC00D33413 /* Release */ = {
			isa = XCBuildConfiguration;
			buildSettings = {
				ALWAYS_EMBED_SWIFT_STANDARD_LIBRARIES = YES;
				CODE_SIGN_STYLE = Automatic;
				CURRENT_PROJECT_VERSION = 1;
				DEVELOPMENT_TEAM = DB6K9AT64H;
				GENERATE_INFOPLIST_FILE = YES;
				MARKETING_VERSION = 1.0;
				PRODUCT_BUNDLE_IDENTIFIER = "Shirayo-s-own.ImageCropperUITests";
				PRODUCT_NAME = "$(TARGET_NAME)";
				SWIFT_EMIT_LOC_STRINGS = NO;
				SWIFT_VERSION = 5.0;
				TARGETED_DEVICE_FAMILY = "1,2";
				TEST_TARGET_NAME = ImageCropper;
			};
			name = Release;
		};
/* End XCBuildConfiguration section */

/* Begin XCConfigurationList section */
		18A0C99B2C9179DA00D33413 /* Build configuration list for PBXProject "ImageCropper" */ = {
			isa = XCConfigurationList;
			buildConfigurations = (
				18A0C9C22C9179DC00D33413 /* Debug */,
				18A0C9C32C9179DC00D33413 /* Release */,
			);
			defaultConfigurationIsVisible = 0;
			defaultConfigurationName = Release;
		};
		18A0C9C42C9179DC00D33413 /* Build configuration list for PBXNativeTarget "ImageCropper" */ = {
			isa = XCConfigurationList;
			buildConfigurations = (
				18A0C9C52C9179DC00D33413 /* Debug */,
				18A0C9C62C9179DC00D33413 /* Release */,
			);
			defaultConfigurationIsVisible = 0;
			defaultConfigurationName = Release;
		};
		18A0C9C72C9179DC00D33413 /* Build configuration list for PBXNativeTarget "ImageCropperTests" */ = {
			isa = XCConfigurationList;
			buildConfigurations = (
				18A0C9C82C9179DC00D33413 /* Debug */,
				18A0C9C92C9179DC00D33413 /* Release */,
			);
			defaultConfigurationIsVisible = 0;
			defaultConfigurationName = Release;
		};
		18A0C9CA2C9179DC00D33413 /* Build configuration list for PBXNativeTarget "ImageCropperUITests" */ = {
			isa = XCConfigurationList;
			buildConfigurations = (
				18A0C9CB2C9179DC00D33413 /* Debug */,
				18A0C9CC2C9179DC00D33413 /* Release */,
			);
			defaultConfigurationIsVisible = 0;
			defaultConfigurationName = Release;
		};
/* End XCConfigurationList section */
	};
	rootObject = 18A0C9982C9179DA00D33413 /* Project object */;
}
